
Microsoft Visual Studio Solution File, Format Version 12.00
# Visual Studio 15
VisualStudioVersion = 15.0.27130.2027
MinimumVisualStudioVersion = 10.0.40219.1
Project("{9A19103F-16F7-4668-BE54-9A1E7A4F7556}") = "KMSTest", "src\KMSTest.csproj", "{56355998-58C3-4ED9-ADA8-C3B7095C8991}"
EndProject
Global
	GlobalSection(SolutionConfigurationPlatforms) = preSolution
		Debug|Any CPU = Debug|Any CPU
		Release|Any CPU = Release|Any CPU
	EndGlobalSection
	GlobalSection(ProjectConfigurationPlatforms) = postSolution
		{56355998-58C3-4ED9-ADA8-C3B7095C8991}.Debug|Any CPU.ActiveCfg = Debug|Any CPU
		{56355998-58C3-4ED9-ADA8-C3B7095C8991}.Debug|Any CPU.Build.0 = Debug|Any CPU
		{56355998-58C3-4ED9-ADA8-C3B7095C8991}.Release|Any CPU.ActiveCfg = Release|Any CPU
		{56355998-58C3-4ED9-ADA8-C3B7095C8991}.Release|Any CPU.Build.0 = Release|Any CPU
	EndGlobalSection
	GlobalSection(SolutionProperties) = preSolution
		HideSolutionNode = FALSE
	EndGlobalSection
	GlobalSection(ExtensibilityGlobals) = postSolution
		SolutionGuid = {0DFFC79E-9497-48E1-9B95-87AA175BF342}
	EndGlobalSection
EndGlobal
